<?xml version="1.0" encoding="utf-8"?>
<Project ToolsVersion="4.0" xmlns="http://schemas.microsoft.com/developer/msbuild/2003">
  <ItemGroup>
    <Filter Include="include">
      <UniqueIdentifier>{89AF369E-F58E-B539-FEA6-40106A051C9B}</UniqueIdentifier>
    </Filter>
    <Filter Include="src">
      <UniqueIdentifier>{2DAB880B-99B4-887C-2230-9F7C8E38947C}</UniqueIdentifier>
    </Filter>
  </ItemGroup>
  <ItemGroup>
    <ClInclude Include="include\CPU.h">
      <Filter>include</Filter>
    </ClInclude>
    <ClInclude Include="include\CPUOpcodes.h">
      <Filter>include</Filter>
    </ClInclude>
    <ClInclude Include="include\Cartridge.h">
      <Filter>include</Filter>
    </ClInclude>
    <ClInclude Include="include\Controller.h">
      <Filter>include</Filter>
    </ClInclude>
    <ClInclude Include="include\Emulator.h">
      <Filter>include</Filter>
    </ClInclude>
    <ClInclude Include="include\Log.h">
      <Filter>include</Filter>
    </ClInclude>
    <ClInclude Include="include\MainBus.h">
      <Filter>include</Filter>
    </ClInclude>
    <ClInclude Include="include\Mapper.h">
      <Filter>include</Filter>
    </ClInclude>
    <ClInclude Include="include\MapperAxROM.h">
      <Filter>include</Filter>
    </ClInclude>
    <ClInclude Include="include\MapperCNROM.h">
      <Filter>include</Filter>
    </ClInclude>
    <ClInclude Include="include\MapperColorDreams.h">
      <Filter>include</Filter>
    </ClInclude>
    <ClInclude Include="include\MapperGxROM.h">
      <Filter>include</Filter>
    </ClInclude>
    <ClInclude Include="include\MapperMMC3.h">
      <Filter>include</Filter>
    </ClInclude>
    <ClInclude Include="include\MapperNROM.h">
      <Filter>include</Filter>
    </ClInclude>
    <ClInclude Include="include\MapperSxROM.h">
      <Filter>include</Filter>
    </ClInclude>
    <ClInclude Include="include\MapperUxROM.h">
      <Filter>include</Filter>
    </ClInclude>
    <ClInclude Include="include\PPU.h">
      <Filter>include</Filter>
    </ClInclude>
    <ClInclude Include="include\PaletteColors.h">
      <Filter>include</Filter>
    </ClInclude>
    <ClInclude Include="include\PictureBus.h">
      <Filter>include</Filter>
    </ClInclude>
    <ClInclude Include="include\VirtualScreen.h">
      <Filter>include</Filter>
    </ClInclude>
  </ItemGroup>
  <ItemGroup>
    <ClCompile Include="src\CPU.cpp">
      <Filter>src</Filter>
    </ClCompile>
    <ClCompile Include="src\Cartridge.cpp">
      <Filter>src</Filter>
    </ClCompile>
    <ClCompile Include="src\Controller.cpp">
      <Filter>src</Filter>
    </ClCompile>
    <ClCompile Include="src\Emulator.cpp">
      <Filter>src</Filter>
    </ClCompile>
    <ClCompile Include="src\KeybindingsParser.cpp">
      <Filter>src</Filter>
    </ClCompile>
    <ClCompile Include="src\Log.cpp">
      <Filter>src</Filter>
    </ClCompile>
    <ClCompile Include="src\MainBus.cpp">
      <Filter>src</Filter>
    </ClCompile>
    <ClCompile Include="src\Mapper.cpp">
      <Filter>src</Filter>
    </ClCompile>
    <ClCompile Include="src\MapperAxROM.cpp">
      <Filter>src</Filter>
    </ClCompile>
    <ClCompile Include="src\MapperCNROM.cpp">
      <Filter>src</Filter>
    </ClCompile>
    <ClCompile Include="src\MapperColorDreams.cpp">
      <Filter>src</Filter>
    </ClCompile>
    <ClCompile Include="src\MapperGxROM.cpp">
      <Filter>src</Filter>
    </ClCompile>
    <ClCompile Include="src\MapperMMC3.cpp">
      <Filter>src</Filter>
    </ClCompile>
    <ClCompile Include="src\MapperNROM.cpp">
      <Filter>src</Filter>
    </ClCompile>
    <ClCompile Include="src\MapperSxROM.cpp">
      <Filter>src</Filter>
    </ClCompile>
    <ClCompile Include="src\MapperUxROM.cpp">
      <Filter>src</Filter>
    </ClCompile>
    <ClCompile Include="src\PPU.cpp">
      <Filter>src</Filter>
    </ClCompile>
    <ClCompile Include="src\PictureBus.cpp">
      <Filter>src</Filter>
    </ClCompile>
    <ClCompile Include="src\VirtualScreen.cpp">
      <Filter>src</Filter>
    </ClCompile>
    <ClCompile Include="src\main.cpp">
      <Filter>src</Filter>
    </ClCompile>
  </ItemGroup>
</Project>